
Microsoft Visual Studio Solution File, Format Version 12.00
# Visual Studio 15
VisualStudioVersion = 15.0.28124.53
MinimumVisualStudioVersion = 10.0.40219.1
Project("{FAE04EC0-301F-11D3-BF4B-00C04F79EFBC}") = "SignalRChat", "SignalRChat\SignalRChat.csproj", "{B4C33E7B-43B1-48EE-8C03-D21524D0F7B7}"
EndProject
Global
	GlobalSection(SolutionConfigurationPlatforms) = preSolution
		Debug|Any CPU = Debug|Any CPU
		Release|Any CPU = Release|Any CPU
	EndGlobalSection
	GlobalSection(ProjectConfigurationPlatforms) = postSolution
		{B4C33E7B-43B1-48EE-8C03-D21524D0F7B7}.Debug|Any CPU.ActiveCfg = Debug|Any CPU
		{B4C33E7B-43B1-48EE-8C03-D21524D0F7B7}.Debug|Any CPU.Build.0 = Debug|Any CPU
		{B4C33E7B-43B1-48EE-8C03-D21524D0F7B7}.Release|Any CPU.ActiveCfg = Release|Any CPU
		{B4C33E7B-43B1-48EE-8C03-D21524D0F7B7}.Release|Any CPU.Build.0 = Release|Any CPU
	EndGlobalSection
	GlobalSection(SolutionProperties) = preSolution
		HideSolutionNode = FALSE
	EndGlobalSection
	GlobalSection(ExtensibilityGlobals) = postSolution
		SolutionGuid = {4CB5D27D-FA94-4165-8565-EA848303D68F}
	EndGlobalSection
EndGlobal
